
Microsoft Visual Studio Solution File, Format Version 12.00
# Visual Studio Version 16
VisualStudioVersion = 16.0.31019.35
MinimumVisualStudioVersion = 10.0.40219.1
Project("{E24C65DC-7377-472B-9ABA-BC803B73C61A}") = "Vlava", ".", "{84C89CBD-0A2D-41AF-9E2E-0C89BAEE61FE}"
	ProjectSection(WebsiteProperties) = preProject
		TargetFrameworkMoniker = ".NETFramework,Version%3Dv4.0"
		Debug.AspNetCompiler.VirtualPath = "/localhost_64437"
		Debug.AspNetCompiler.PhysicalPath = "..\..\..\Desktop\New folder (3)\Vlava\"
		Debug.AspNetCompiler.TargetPath = "PrecompiledWeb\localhost_64437\"
		Debug.AspNetCompiler.Updateable = "true"
		Debug.AspNetCompiler.ForceOverwrite = "true"
		Debug.AspNetCompiler.FixedNames = "false"
		Debug.AspNetCompiler.Debug = "True"
		Release.AspNetCompiler.VirtualPath = "/localhost_64437"
		Release.AspNetCompiler.PhysicalPath = "..\..\..\Desktop\New folder (3)\Vlava\"
		Release.AspNetCompiler.TargetPath = "PrecompiledWeb\localhost_64437\"
		Release.AspNetCompiler.Updateable = "true"
		Release.AspNetCompiler.ForceOverwrite = "true"
		Release.AspNetCompiler.FixedNames = "false"
		Release.AspNetCompiler.Debug = "False"
		VWDPort = "64437"
	EndProjectSection
EndProject
Global
	GlobalSection(SolutionConfigurationPlatforms) = preSolution
		Debug|Any CPU = Debug|Any CPU
	EndGlobalSection
	GlobalSection(ProjectConfigurationPlatforms) = postSolution
		{84C89CBD-0A2D-41AF-9E2E-0C89BAEE61FE}.Debug|Any CPU.ActiveCfg = Debug|Any CPU
		{84C89CBD-0A2D-41AF-9E2E-0C89BAEE61FE}.Debug|Any CPU.Build.0 = Debug|Any CPU
	EndGlobalSection
	GlobalSection(SolutionProperties) = preSolution
		HideSolutionNode = FALSE
	EndGlobalSection
	GlobalSection(ExtensibilityGlobals) = postSolution
		SolutionGuid = {44B624B3-5ADA-42CA-BEF6-1BF67ABDC89E}
	EndGlobalSection
EndGlobal
